
Microsoft Visual Studio Solution File, Format Version 12.00
Project("{FAE04EC0-301F-11D3-BF4B-00C04F79EFBC}") = "Foveo.API", "src\Foveo.API\Foveo.API.csproj", "{2C03AE9E-622B-47C7-8D25-B5725162B0E6}"
EndProject
Project("{2150E333-8FDC-42A3-9474-1A3956D46DE8}") = "src", "src", "{827E0CD3-B72D-47B6-A68D-7590B98EB39B}"
EndProject
Project("{FAE04EC0-301F-11D3-BF4B-00C04F79EFBC}") = "Foveo.Infrastructure", "src\Foveo.Infrastructure\Foveo.Infrastructure.csproj", "{C4745D29-05C7-4915-AB6A-F1C4E8C51442}"
EndProject
Project("{FAE04EC0-301F-11D3-BF4B-00C04F79EFBC}") = "Foveo.Application", "src\Foveo.Application\Foveo.Application.csproj", "{BD01EADD-1106-45F3-A058-125EE06FCB41}"
EndProject
Project("{FAE04EC0-301F-11D3-BF4B-00C04F79EFBC}") = "Foveo.Domain", "src\Foveo.Domain\Foveo.Domain.csproj", "{195A230D-4C7E-4711-A72B-34EAFE4D93AF}"
EndProject
Global
	GlobalSection(SolutionConfigurationPlatforms) = preSolution
		Debug|Any CPU = Debug|Any CPU
		Debug|x64 = Debug|x64
		Debug|x86 = Debug|x86
		Release|Any CPU = Release|Any CPU
		Release|x64 = Release|x64
		Release|x86 = Release|x86
	EndGlobalSection
	GlobalSection(ProjectConfigurationPlatforms) = postSolution
		{2C03AE9E-622B-47C7-8D25-B5725162B0E6}.Debug|Any CPU.ActiveCfg = Debug|Any CPU
		{2C03AE9E-622B-47C7-8D25-B5725162B0E6}.Debug|Any CPU.Build.0 = Debug|Any CPU
		{2C03AE9E-622B-47C7-8D25-B5725162B0E6}.Debug|x64.ActiveCfg = Debug|Any CPU
		{2C03AE9E-622B-47C7-8D25-B5725162B0E6}.Debug|x64.Build.0 = Debug|Any CPU
		{2C03AE9E-622B-47C7-8D25-B5725162B0E6}.Debug|x86.ActiveCfg = Debug|Any CPU
		{2C03AE9E-622B-47C7-8D25-B5725162B0E6}.Debug|x86.Build.0 = Debug|Any CPU
		{2C03AE9E-622B-47C7-8D25-B5725162B0E6}.Release|Any CPU.ActiveCfg = Release|Any CPU
		{2C03AE9E-622B-47C7-8D25-B5725162B0E6}.Release|Any CPU.Build.0 = Release|Any CPU
		{2C03AE9E-622B-47C7-8D25-B5725162B0E6}.Release|x64.ActiveCfg = Release|Any CPU
		{2C03AE9E-622B-47C7-8D25-B5725162B0E6}.Release|x64.Build.0 = Release|Any CPU
		{2C03AE9E-622B-47C7-8D25-B5725162B0E6}.Release|x86.ActiveCfg = Release|Any CPU
		{2C03AE9E-622B-47C7-8D25-B5725162B0E6}.Release|x86.Build.0 = Release|Any CPU
		{C4745D29-05C7-4915-AB6A-F1C4E8C51442}.Debug|Any CPU.ActiveCfg = Debug|Any CPU
		{C4745D29-05C7-4915-AB6A-F1C4E8C51442}.Debug|Any CPU.Build.0 = Debug|Any CPU
		{C4745D29-05C7-4915-AB6A-F1C4E8C51442}.Debug|x64.ActiveCfg = Debug|Any CPU
		{C4745D29-05C7-4915-AB6A-F1C4E8C51442}.Debug|x64.Build.0 = Debug|Any CPU
		{C4745D29-05C7-4915-AB6A-F1C4E8C51442}.Debug|x86.ActiveCfg = Debug|Any CPU
		{C4745D29-05C7-4915-AB6A-F1C4E8C51442}.Debug|x86.Build.0 = Debug|Any CPU
		{C4745D29-05C7-4915-AB6A-F1C4E8C51442}.Release|Any CPU.ActiveCfg = Release|Any CPU
		{C4745D29-05C7-4915-AB6A-F1C4E8C51442}.Release|Any CPU.Build.0 = Release|Any CPU
		{C4745D29-05C7-4915-AB6A-F1C4E8C51442}.Release|x64.ActiveCfg = Release|Any CPU
		{C4745D29-05C7-4915-AB6A-F1C4E8C51442}.Release|x64.Build.0 = Release|Any CPU
		{C4745D29-05C7-4915-AB6A-F1C4E8C51442}.Release|x86.ActiveCfg = Release|Any CPU
		{C4745D29-05C7-4915-AB6A-F1C4E8C51442}.Release|x86.Build.0 = Release|Any CPU
		{BD01EADD-1106-45F3-A058-125EE06FCB41}.Debug|Any CPU.ActiveCfg = Debug|Any CPU
		{BD01EADD-1106-45F3-A058-125EE06FCB41}.Debug|Any CPU.Build.0 = Debug|Any CPU
		{BD01EADD-1106-45F3-A058-125EE06FCB41}.Debug|x64.ActiveCfg = Debug|Any CPU
		{BD01EADD-1106-45F3-A058-125EE06FCB41}.Debug|x64.Build.0 = Debug|Any CPU
		{BD01EADD-1106-45F3-A058-125EE06FCB41}.Debug|x86.ActiveCfg = Debug|Any CPU
		{BD01EADD-1106-45F3-A058-125EE06FCB41}.Debug|x86.Build.0 = Debug|Any CPU
		{BD01EADD-1106-45F3-A058-125EE06FCB41}.Release|Any CPU.ActiveCfg = Release|Any CPU
		{BD01EADD-1106-45F3-A058-125EE06FCB41}.Release|Any CPU.Build.0 = Release|Any CPU
		{BD01EADD-1106-45F3-A058-125EE06FCB41}.Release|x64.ActiveCfg = Release|Any CPU
		{BD01EADD-1106-45F3-A058-125EE06FCB41}.Release|x64.Build.0 = Release|Any CPU
		{BD01EADD-1106-45F3-A058-125EE06FCB41}.Release|x86.ActiveCfg = Release|Any CPU
		{BD01EADD-1106-45F3-A058-125EE06FCB41}.Release|x86.Build.0 = Release|Any CPU
		{195A230D-4C7E-4711-A72B-34EAFE4D93AF}.Debug|Any CPU.ActiveCfg = Debug|Any CPU
		{195A230D-4C7E-4711-A72B-34EAFE4D93AF}.Debug|Any CPU.Build.0 = Debug|Any CPU
		{195A230D-4C7E-4711-A72B-34EAFE4D93AF}.Debug|x64.ActiveCfg = Debug|Any CPU
		{195A230D-4C7E-4711-A72B-34EAFE4D93AF}.Debug|x64.Build.0 = Debug|Any CPU
		{195A230D-4C7E-4711-A72B-34EAFE4D93AF}.Debug|x86.ActiveCfg = Debug|Any CPU
		{195A230D-4C7E-4711-A72B-34EAFE4D93AF}.Debug|x86.Build.0 = Debug|Any CPU
		{195A230D-4C7E-4711-A72B-34EAFE4D93AF}.Release|Any CPU.ActiveCfg = Release|Any CPU
		{195A230D-4C7E-4711-A72B-34EAFE4D93AF}.Release|Any CPU.Build.0 = Release|Any CPU
		{195A230D-4C7E-4711-A72B-34EAFE4D93AF}.Release|x64.ActiveCfg = Release|Any CPU
		{195A230D-4C7E-4711-A72B-34EAFE4D93AF}.Release|x64.Build.0 = Release|Any CPU
		{195A230D-4C7E-4711-A72B-34EAFE4D93AF}.Release|x86.ActiveCfg = Release|Any CPU
		{195A230D-4C7E-4711-A72B-34EAFE4D93AF}.Release|x86.Build.0 = Release|Any CPU
	EndGlobalSection
	GlobalSection(SolutionProperties) = preSolution
		HideSolutionNode = FALSE
	EndGlobalSection
	GlobalSection(NestedProjects) = preSolution
		{C4745D29-05C7-4915-AB6A-F1C4E8C51442} = {827E0CD3-B72D-47B6-A68D-7590B98EB39B}
		{BD01EADD-1106-45F3-A058-125EE06FCB41} = {827E0CD3-B72D-47B6-A68D-7590B98EB39B}
		{195A230D-4C7E-4711-A72B-34EAFE4D93AF} = {827E0CD3-B72D-47B6-A68D-7590B98EB39B}
	EndGlobalSection
EndGlobal
